// !$*UTF8*$!
{
	archiveVersion = 1;
	classes = {
	};
	objectVersion = 46;
	objects = {

/* Begin PBXBuildFile section */
		F831B0201C208D37009F9079 /* AppDelegate.swift in Sources */ = {isa = PBXBuildFile; fileRef = F831B01F1C208D37009F9079 /* AppDelegate.swift */; };
		F831B0221C208D37009F9079 /* ViewController.swift in Sources */ = {isa = PBXBuildFile; fileRef = F831B0211C208D37009F9079 /* ViewController.swift */; };
		F831B0241C208D37009F9079 /* Assets.xcassets in Resources */ = {isa = PBXBuildFile; fileRef = F831B0231C208D37009F9079 /* Assets.xcassets */; };
		F831B0271C208D37009F9079 /* Main.storyboard in Resources */ = {isa = PBXBuildFile; fileRef = F831B0251C208D37009F9079 /* Main.storyboard */; };
/* End PBXBuildFile section */

/* Begin PBXFileReference section */
		F831B01C1C208D37009F9079 /* konashix.app */ = {isa = PBXFileReference; explicitFileType = wrapper.application; includeInIndex = 0; path = konashix.app; sourceTree = BUILT_PRODUCTS_DIR; };
		F831B01F1C208D37009F9079 /* AppDelegate.swift */ = {isa = PBXFileReference; lastKnownFileType = sourcecode.swift; path = AppDelegate.swift; sourceTree = "<group>"; };
		F831B0211C208D37009F9079 /* ViewController.swift */ = {isa = PBXFileReference; lastKnownFileType = sourcecode.swift; path = ViewController.swift; sourceTree = "<group>"; };
		F831B0231C208D37009F9079 /* Assets.xcassets */ = {isa = PBXFileReference; lastKnownFileType = folder.assetcatalog; path = Assets.xcassets; sourceTree = "<group>"; };
		F831B0261C208D37009F9079 /* Base */ = {isa = PBXFileReference; lastKnownFileType = file.storyboard; name = Base; path = Base.lproj/Main.storyboard; sourceTree = "<group>"; };
		F831B0281C208D37009F9079 /* Info.plist */ = {isa = PBXFileReference; lastKnownFileType = text.plist.xml; path = Info.plist; sourceTree = "<group>"; };
/* End PBXFileReference section */

/* Begin PBXFrameworksBuildPhase section */
		F831B0191C208D37009F9079 /* Frameworks */ = {
			isa = PBXFrameworksBuildPhase;
			buildActionMask = 2147483647;
			files = (
			);
			runOnlyForDeploymentPostprocessing = 0;
		};
/* End PBXFrameworksBuildPhase section */

/* Begin PBXGroup section */
		F831B0131C208D37009F9079 = {
			isa = PBXGroup;
			children = (
				F831B01E1C208D37009F9079 /* konashix */,
				F831B01D1C208D37009F9079 /* Products */,
			);
			sourceTree = "<group>";
		};
		F831B01D1C208D37009F9079 /* Products */ = {
			isa = PBXGroup;
			children = (
				F831B01C1C208D37009F9079 /* konashix.app */,
			);
			name = Products;
			sourceTree = "<group>";
		};
		F831B01E1C208D37009F9079 /* konashix */ = {
			isa = PBXGroup;
			children = (
				F831B01F1C208D37009F9079 /* AppDelegate.swift */,
				F831B0211C208D37009F9079 /* ViewController.swift */,
				F831B0231C208D37009F9079 /* Assets.xcassets */,
				F831B0251C208D37009F9079 /* Main.storyboard */,
				F831B0281C208D37009F9079 /* Info.plist */,
			);
			path = konashix;
			sourceTree = "<group>";
		};
/* End PBXGroup section */

/* Begin PBXNativeTarget section */
		F831B01B1C208D37009F9079 /* konashix */ = {
			isa = PBXNativeTarget;
			buildConfigurationList = F831B02B1C208D37009F9079 /* Build configuration list for PBXNativeTarget "konashix" */;
			buildPhases = (
				F831B0181C208D37009F9079 /* Sources */,
				F831B0191C208D37009F9079 /* Frameworks */,
				F831B01A1C208D37009F9079 /* Resources */,
			);
			buildRules = (
			);
			dependencies = (
			);
			name = konashix;
			productName = konashix;
			productReference = F831B01C1C208D37009F9079 /* konashix.app */;
			productType = "com.apple.product-type.application";
		};
/* End PBXNativeTarget section */

/* Begin PBXProject section */
		F831B0141C208D37009F9079 /* Project object */ = {
			isa = PBXProject;
			attributes = {
				LastSwiftUpdateCheck = 0720;
				LastUpgradeCheck = 0720;
				ORGANIZATIONNAME = "Takashi Toyoshima";
				TargetAttributes = {
					F831B01B1C208D37009F9079 = {
						CreatedOnToolsVersion = 7.2;
					};
				};
			};
			buildConfigurationList = F831B0171C208D37009F9079 /* Build configuration list for PBXProject "konashix" */;
			compatibilityVersion = "Xcode 3.2";
			developmentRegion = English;
			hasScannedForEncodings = 0;
			knownRegions = (
				en,
				Base,
			);
			mainGroup = F831B0131C208D37009F9079;
			productRefGroup = F831B01D1C208D37009F9079 /* Products */;
			projectDirPath = "";
			projectRoot = "";
			targets = (
				F831B01B1C208D37009F9079 /* konashix */,
			);
		};
/* End PBXProject section */

/* Begin PBXResourcesBuildPhase section */
		F831B01A1C208D37009F9079 /* Resources */ = {
			isa = PBXResourcesBuildPhase;
			buildActionMask = 2147483647;
			files = (
				F831B0241C208D37009F9079 /* Assets.xcassets in Resources */,
				F831B0271C208D37009F9079 /* Main.storyboard in Resources */,
			);
			runOnlyForDeploymentPostprocessing = 0;
		};
/* End PBXResourcesBuildPhase section */

/* Begin PBXSourcesBuildPhase section */
		F831B0181C208D37009F9079 /* Sources */ = {
			isa = PBXSourcesBuildPhase;
			buildActionMask = 2147483647;
			files = (
				F831B0221C208D37009F9079 /* ViewController.swift in Sources */,
				F831B0201C208D37009F9079 /* AppDelegate.swift in Sources */,
			);
			runOnlyForDeploymentPostprocessing = 0;
		};
/* End PBXSourcesBuildPhase section */

/* Begin PBXVariantGroup section */
		F831B0251C208D37009F9079 /* Main.storyboard */ = {
			isa = PBXVariantGroup;
			children = (
				F831B0261C208D37009F9079 /* Base */,
			);
			name = Main.storyboard;
			sourceTree = "<group>";
		};
/* End PBXVariantGroup section */

/* Begin XCBuildConfiguration section */
		F831B0291C208D37009F9079 /* Debug */ = {
			isa = XCBuildConfiguration;
			buildSettings = {
				ALWAYS_SEARCH_USER_PATHS = NO;
				CLANG_CXX_LANGUAGE_STANDARD = "gnu++0x";
				CLANG_CXX_LIBRARY = "libc++";
				CLANG_ENABLE_MODULES = YES;
				CLANG_ENABLE_OBJC_ARC = YES;
				CLANG_WARN_BOOL_CONVERSION = YES;
				CLANG_WARN_CONSTANT_CONVERSION = YES;
				CLANG_WARN_DIRECT_OBJC_ISA_USAGE = YES_ERROR;
				CLANG_WARN_EMPTY_BODY = YES;
				CLANG_WARN_ENUM_CONVERSION = YES;
				CLANG_WARN_INT_CONVERSION = YES;
				CLANG_WARN_OBJC_ROOT_CLASS = YES_ERROR;
				CLANG_WARN_UNREACHABLE_CODE = YES;
				CLANG_WARN__DUPLICATE_METHOD_MATCH = YES;
				CODE_SIGN_IDENTITY = "-";
				COPY_PHASE_STRIP = NO;
				DEBUG_INFORMATION_FORMAT = dwarf;
				ENABLE_STRICT_OBJC_MSGSEND = YES;
				ENABLE_TESTABILITY = YES;
				GCC_C_LANGUAGE_STANDARD = gnu99;
				GCC_DYNAMIC_NO_PIC = NO;
				GCC_NO_COMMON_BLOCKS = YES;
				GCC_OPTIMIZATION_LEVEL = 0;
				GCC_PREPROCESSOR_DEFINITIONS = (
					"DEBUG=1",
					"$(inherited)",
				);
				GCC_WARN_64_TO_32_BIT_CONVERSION = YES;
				GCC_WARN_ABOUT_RETURN_TYPE = YES_ERROR;
				GCC_WARN_UNDECLARED_SELECTOR = YES;
				GCC_WARN_UNINITIALIZED_AUTOS = YES_AGGRESSIVE;
				GCC_WARN_UNUSED_FUNCTION = YES;
				GCC_WARN_UNUSED_VARIABLE = YES;
				MACOSX_DEPLOYMENT_TARGET = 10.11;
				MTL_ENABLE_DEBUG_INFO = YES;
				ONLY_ACTIVE_ARCH = YES;
				SDKROOT = macosx;
				SWIFT_OPTIMIZATION_LEVEL = "-Onone";
			};
			name = Debug;
		};
		F831B02A1C208D37009F9079 /* Release */ = {
			isa = XCBuildConfiguration;
			buildSettings = {
				ALWAYS_SEARCH_USER_PATHS = NO;
				CLANG_CXX_LANGUAGE_STANDARD = "gnu++0x";
				CLANG_CXX_LIBRARY = "libc++";
				CLANG_ENABLE_MODULES = YES;
				CLANG_ENABLE_OBJC_ARC = YES;
				CLANG_WARN_BOOL_CONVERSION = YES;
				CLANG_WARN_CONSTANT_CONVERSION = YES;
				CLANG_WARN_DIRECT_OBJC_ISA_USAGE = YES_ERROR;
				CLANG_WARN_EMPTY_BODY = YES;
				CLANG_WARN_ENUM_CONVERSION = YES;
				CLANG_WARN_INT_CONVERSION = YES;
				CLANG_WARN_OBJC_ROOT_CLASS = YES_ERROR;
				CLANG_WARN_UNREACHABLE_CODE = YES;
				CLANG_WARN__DUPLICATE_METHOD_MATCH = YES;
				CODE_SIGN_IDENTITY = "-";
				COPY_PHASE_STRIP = NO;
				DEBUG_INFORMATION_FORMAT = "dwarf-with-dsym";
				ENABLE_NS_ASSERTIONS = NO;
				ENABLE_STRICT_OBJC_MSGSEND = YES;
				GCC_C_LANGUAGE_STANDARD = gnu99;
				GCC_NO_COMMON_BLOCKS = YES;
				GCC_WARN_64_TO_32_BIT_CONVERSION = YES;
				GCC_WARN_ABOUT_RETURN_TYPE = YES_ERROR;
				GCC_WARN_UNDECLARED_SELECTOR = YES;
				GCC_WARN_UNINITIALIZED_AUTOS = YES_AGGRESSIVE;
				GCC_WARN_UNUSED_FUNCTION = YES;
				GCC_WARN_UNUSED_VARIABLE = YES;
				MACOSX_DEPLOYMENT_TARGET = 10.11;
				MTL_ENABLE_DEBUG_INFO = NO;
				SDKROOT = macosx;
			};
			name = Release;
		};
		F831B02C1C208D37009F9079 /* Debug */ = {
			isa = XCBuildConfiguration;
			buildSettings = {
				ASSETCATALOG_COMPILER_APPICON_NAME = AppIcon;
				COMBINE_HIDPI_IMAGES = YES;
				INFOPLIST_FILE = konashix/Info.plist;
				LD_RUNPATH_SEARCH_PATHS = "$(inherited) @executable_path/../Frameworks";
				PRODUCT_BUNDLE_IDENTIFIER = "net.toyoshima-house.konashix";
				PRODUCT_NAME = "$(TARGET_NAME)";
			};
			name = Debug;
		};
		F831B02D1C208D37009F9079 /* Release */ = {
			isa = XCBuildConfiguration;
			buildSettings = {
				ASSETCATALOG_COMPILER_APPICON_NAME = AppIcon;
				COMBINE_HIDPI_IMAGES = YES;
				INFOPLIST_FILE = konashix/Info.plist;
				LD_RUNPATH_SEARCH_PATHS = "$(inherited) @executable_path/../Frameworks";
				PRODUCT_BUNDLE_IDENTIFIER = "net.toyoshima-house.konashix";
				PRODUCT_NAME = "$(TARGET_NAME)";
			};
			name = Release;
		};
/* End XCBuildConfiguration section */

/* Begin XCConfigurationList section */
		F831B0171C208D37009F9079 /* Build configuration list for PBXProject "konashix" */ = {
			isa = XCConfigurationList;
			buildConfigurations = (
				F831B0291C208D37009F9079 /* Debug */,
				F831B02A1C208D37009F9079 /* Release */,
			);
			defaultConfigurationIsVisible = 0;
			defaultConfigurationName = Release;
		};
		F831B02B1C208D37009F9079 /* Build configuration list for PBXNativeTarget "konashix" */ = {
			isa = XCConfigurationList;
			buildConfigurations = (
				F831B02C1C208D37009F9079 /* Debug */,
				F831B02D1C208D37009F9079 /* Release */,
			);
			defaultConfigurationIsVisible = 0;
		};
/* End XCConfigurationList section */
	};
	rootObject = F831B0141C208D37009F9079 /* Project object */;
}
